// !$*UTF8*$!
{
	archiveVersion = 1;
	classes = {
	};
	objectVersion = 46;
	objects = {

/* Begin PBXBuildFile section */
		DCAE0D271C96AE9200FF9A94 /* main.m in Sources */ = {isa = PBXBuildFile; fileRef = DCAE0D261C96AE9200FF9A94 /* main.m */; };
		DCAE0D2A1C96AE9200FF9A94 /* AppDelegate.m in Sources */ = {isa = PBXBuildFile; fileRef = DCAE0D291C96AE9200FF9A94 /* AppDelegate.m */; };
		DCAE0D2D1C96AE9200FF9A94 /* ViewController.m in Sources */ = {isa = PBXBuildFile; fileRef = DCAE0D2C1C96AE9200FF9A94 /* ViewController.m */; };
		DCAE0D301C96AE9200FF9A94 /* Main.storyboard in Resources */ = {isa = PBXBuildFile; fileRef = DCAE0D2E1C96AE9200FF9A94 /* Main.storyboard */; };
		DCAE0D321C96AE9200FF9A94 /* Assets.xcassets in Resources */ = {isa = PBXBuildFile; fileRef = DCAE0D311C96AE9200FF9A94 /* Assets.xcassets */; };
		DCAE0D351C96AE9200FF9A94 /* LaunchScreen.storyboard in Resources */ = {isa = PBXBuildFile; fileRef = DCAE0D331C96AE9200FF9A94 /* LaunchScreen.storyboard */; };
		DCAE0D3D1C96AF7C00FF9A94 /* libstdc++.6.0.9.tbd in Frameworks */ = {isa = PBXBuildFile; fileRef = DCAE0D3C1C96AF7C00FF9A94 /* libstdc++.6.0.9.tbd */; };
		DCAE0D3F1C96AF8900FF9A94 /* libz.tbd in Frameworks */ = {isa = PBXBuildFile; fileRef = DCAE0D3E1C96AF8900FF9A94 /* libz.tbd */; };
		DCAE0DCE1C96B0AB00FF9A94 /* libiconv.tbd in Frameworks */ = {isa = PBXBuildFile; fileRef = DCAE0DCD1C96B0AB00FF9A94 /* libiconv.tbd */; };
		DCFA3FB91C993A120077F835 /* VideoPreviewer.framework in Frameworks */ = {isa = PBXBuildFile; fileRef = DCFA3FB81C9932E90077F835 /* VideoPreviewer.framework */; };
		DCFA3FBA1C993A120077F835 /* VideoPreviewer.framework in Embed Frameworks */ = {isa = PBXBuildFile; fileRef = DCFA3FB81C9932E90077F835 /* VideoPreviewer.framework */; settings = {ATTRIBUTES = (CodeSignOnCopy, RemoveHeadersOnCopy, ); }; };
		DCFA3FBE1C993C550077F835 /* DJISDK.framework in Frameworks */ = {isa = PBXBuildFile; fileRef = DCFA3FBD1C993C550077F835 /* DJISDK.framework */; };
		DCFA3FC01C993C5C0077F835 /* DJISDK.framework in Embed Frameworks */ = {isa = PBXBuildFile; fileRef = DCFA3FBD1C993C550077F835 /* DJISDK.framework */; settings = {ATTRIBUTES = (CodeSignOnCopy, RemoveHeadersOnCopy, ); }; };
/* End PBXBuildFile section */

/* Begin PBXContainerItemProxy section */
		DCFA3FB71C9932E90077F835 /* PBXContainerItemProxy */ = {
			isa = PBXContainerItemProxy;
			containerPortal = DCFA3FB31C9932E90077F835 /* VideoPreviewer.xcodeproj */;
			proxyType = 2;
			remoteGlobalIDString = 02A543FD1C3C51CB0083C11B;
			remoteInfo = VideoPreviewer;
		};
		DCFA3FBB1C993A120077F835 /* PBXContainerItemProxy */ = {
			isa = PBXContainerItemProxy;
			containerPortal = DCFA3FB31C9932E90077F835 /* VideoPreviewer.xcodeproj */;
			proxyType = 1;
			remoteGlobalIDString = 02A543FC1C3C51CB0083C11B;
			remoteInfo = VideoPreviewer;
		};
/* End PBXContainerItemProxy section */

/* Begin PBXCopyFilesBuildPhase section */
		DCFA3FA61C991A1A0077F835 /* Embed Frameworks */ = {
			isa = PBXCopyFilesBuildPhase;
			buildActionMask = 2147483647;
			dstPath = "";
			dstSubfolderSpec = 10;
			files = (
				DCFA3FBA1C993A120077F835 /* VideoPreviewer.framework in Embed Frameworks */,
				DCFA3FC01C993C5C0077F835 /* DJISDK.framework in Embed Frameworks */,
			);
			name = "Embed Frameworks";
			runOnlyForDeploymentPostprocessing = 0;
		};
/* End PBXCopyFilesBuildPhase section */

/* Begin PBXFileReference section */
		DCAE0D221C96AE9200FF9A94 /* VermeerBox.app */ = {isa = PBXFileReference; explicitFileType = wrapper.application; includeInIndex = 0; path = VermeerBox.app; sourceTree = BUILT_PRODUCTS_DIR; };
		DCAE0D261C96AE9200FF9A94 /* main.m */ = {isa = PBXFileReference; lastKnownFileType = sourcecode.c.objc; path = main.m; sourceTree = "<group>"; };
		DCAE0D281C96AE9200FF9A94 /* AppDelegate.h */ = {isa = PBXFileReference; lastKnownFileType = sourcecode.c.h; path = AppDelegate.h; sourceTree = "<group>"; };
		DCAE0D291C96AE9200FF9A94 /* AppDelegate.m */ = {isa = PBXFileReference; lastKnownFileType = sourcecode.c.objc; path = AppDelegate.m; sourceTree = "<group>"; };
		DCAE0D2B1C96AE9200FF9A94 /* ViewController.h */ = {isa = PBXFileReference; lastKnownFileType = sourcecode.c.h; path = ViewController.h; sourceTree = "<group>"; };
		DCAE0D2C1C96AE9200FF9A94 /* ViewController.m */ = {isa = PBXFileReference; lastKnownFileType = sourcecode.c.objc; path = ViewController.m; sourceTree = "<group>"; };
		DCAE0D2F1C96AE9200FF9A94 /* Base */ = {isa = PBXFileReference; lastKnownFileType = file.storyboard; name = Base; path = Base.lproj/Main.storyboard; sourceTree = "<group>"; };
		DCAE0D311C96AE9200FF9A94 /* Assets.xcassets */ = {isa = PBXFileReference; lastKnownFileType = folder.assetcatalog; path = Assets.xcassets; sourceTree = "<group>"; };
		DCAE0D341C96AE9200FF9A94 /* Base */ = {isa = PBXFileReference; lastKnownFileType = file.storyboard; name = Base; path = Base.lproj/LaunchScreen.storyboard; sourceTree = "<group>"; };
		DCAE0D361C96AE9200FF9A94 /* Info.plist */ = {isa = PBXFileReference; lastKnownFileType = text.plist.xml; path = Info.plist; sourceTree = "<group>"; };
		DCAE0D3C1C96AF7C00FF9A94 /* libstdc++.6.0.9.tbd */ = {isa = PBXFileReference; lastKnownFileType = "sourcecode.text-based-dylib-definition"; name = "libstdc++.6.0.9.tbd"; path = "usr/lib/libstdc++.6.0.9.tbd"; sourceTree = SDKROOT; };
		DCAE0D3E1C96AF8900FF9A94 /* libz.tbd */ = {isa = PBXFileReference; lastKnownFileType = "sourcecode.text-based-dylib-definition"; name = libz.tbd; path = usr/lib/libz.tbd; sourceTree = SDKROOT; };
		DCAE0DCD1C96B0AB00FF9A94 /* libiconv.tbd */ = {isa = PBXFileReference; lastKnownFileType = "sourcecode.text-based-dylib-definition"; name = libiconv.tbd; path = usr/lib/libiconv.tbd; sourceTree = SDKROOT; };
		DCFA3FB31C9932E90077F835 /* VideoPreviewer.xcodeproj */ = {isa = PBXFileReference; lastKnownFileType = "wrapper.pb-project"; name = VideoPreviewer.xcodeproj; path = VideoPreviewer/VideoPreviewer.xcodeproj; sourceTree = "<group>"; };
		DCFA3FBD1C993C550077F835 /* DJISDK.framework */ = {isa = PBXFileReference; lastKnownFileType = wrapper.framework; path = DJISDK.framework; sourceTree = "<group>"; };
/* End PBXFileReference section */

/* Begin PBXFrameworksBuildPhase section */
		DCAE0D1F1C96AE9200FF9A94 /* Frameworks */ = {
			isa = PBXFrameworksBuildPhase;
			buildActionMask = 2147483647;
			files = (
				DCAE0DCE1C96B0AB00FF9A94 /* libiconv.tbd in Frameworks */,
				DCFA3FBE1C993C550077F835 /* DJISDK.framework in Frameworks */,
				DCAE0D3F1C96AF8900FF9A94 /* libz.tbd in Frameworks */,
				DCFA3FB91C993A120077F835 /* VideoPreviewer.framework in Frameworks */,
				DCAE0D3D1C96AF7C00FF9A94 /* libstdc++.6.0.9.tbd in Frameworks */,
			);
			runOnlyForDeploymentPostprocessing = 0;
		};
/* End PBXFrameworksBuildPhase section */

/* Begin PBXGroup section */
		DCAE0D191C96AE9200FF9A94 = {
			isa = PBXGroup;
			children = (
				DCAE0D241C96AE9200FF9A94 /* VermeerBox */,
				DCAE0D401C96AF9400FF9A94 /* Frameworks */,
				DCAE0D231C96AE9200FF9A94 /* Products */,
			);
			sourceTree = "<group>";
		};
		DCAE0D231C96AE9200FF9A94 /* Products */ = {
			isa = PBXGroup;
			children = (
				DCAE0D221C96AE9200FF9A94 /* VermeerBox.app */,
			);
			name = Products;
			sourceTree = "<group>";
		};
		DCAE0D241C96AE9200FF9A94 /* VermeerBox */ = {
			isa = PBXGroup;
			children = (
				DCAE0D281C96AE9200FF9A94 /* AppDelegate.h */,
				DCAE0D291C96AE9200FF9A94 /* AppDelegate.m */,
				DCAE0D2B1C96AE9200FF9A94 /* ViewController.h */,
				DCAE0D2C1C96AE9200FF9A94 /* ViewController.m */,
				DCAE0D2E1C96AE9200FF9A94 /* Main.storyboard */,
				DCAE0D311C96AE9200FF9A94 /* Assets.xcassets */,
				DCAE0D331C96AE9200FF9A94 /* LaunchScreen.storyboard */,
				DCAE0D361C96AE9200FF9A94 /* Info.plist */,
				DCAE0D251C96AE9200FF9A94 /* Supporting Files */,
			);
			path = VermeerBox;
			sourceTree = "<group>";
		};
		DCAE0D251C96AE9200FF9A94 /* Supporting Files */ = {
			isa = PBXGroup;
			children = (
				DCAE0D261C96AE9200FF9A94 /* main.m */,
			);
			name = "Supporting Files";
			sourceTree = "<group>";
		};
		DCAE0D401C96AF9400FF9A94 /* Frameworks */ = {
			isa = PBXGroup;
			children = (
				DCFA3FBD1C993C550077F835 /* DJISDK.framework */,
				DCFA3FB31C9932E90077F835 /* VideoPreviewer.xcodeproj */,
				DCAE0DCD1C96B0AB00FF9A94 /* libiconv.tbd */,
				DCAE0D3E1C96AF8900FF9A94 /* libz.tbd */,
				DCAE0D3C1C96AF7C00FF9A94 /* libstdc++.6.0.9.tbd */,
			);
			name = Frameworks;
			sourceTree = "<group>";
		};
		DCFA3FB41C9932E90077F835 /* Products */ = {
			isa = PBXGroup;
			children = (
				DCFA3FB81C9932E90077F835 /* VideoPreviewer.framework */,
			);
			name = Products;
			sourceTree = "<group>";
		};
/* End PBXGroup section */

/* Begin PBXNativeTarget section */
		DCAE0D211C96AE9200FF9A94 /* VermeerBox */ = {
			isa = PBXNativeTarget;
			buildConfigurationList = DCAE0D391C96AE9200FF9A94 /* Build configuration list for PBXNativeTarget "VermeerBox" */;
			buildPhases = (
				DCAE0D1E1C96AE9200FF9A94 /* Sources */,
				DCAE0D1F1C96AE9200FF9A94 /* Frameworks */,
				DCAE0D201C96AE9200FF9A94 /* Resources */,
				DCFA3FA61C991A1A0077F835 /* Embed Frameworks */,
			);
			buildRules = (
			);
			dependencies = (
				DCFA3FBC1C993A120077F835 /* PBXTargetDependency */,
			);
			name = VermeerBox;
			productName = VermeerBox;
			productReference = DCAE0D221C96AE9200FF9A94 /* VermeerBox.app */;
			productType = "com.apple.product-type.application";
		};
/* End PBXNativeTarget section */

/* Begin PBXProject section */
		DCAE0D1A1C96AE9200FF9A94 /* Project object */ = {
			isa = PBXProject;
			attributes = {
				LastUpgradeCheck = 0720;
				ORGANIZATIONNAME = "Felix He";
				TargetAttributes = {
					DCAE0D211C96AE9200FF9A94 = {
						CreatedOnToolsVersion = 7.2.1;
						DevelopmentTeam = M2BP9VG89R;
					};
				};
			};
			buildConfigurationList = DCAE0D1D1C96AE9200FF9A94 /* Build configuration list for PBXProject "VermeerBox" */;
			compatibilityVersion = "Xcode 3.2";
			developmentRegion = English;
			hasScannedForEncodings = 0;
			knownRegions = (
				en,
				Base,
			);
			mainGroup = DCAE0D191C96AE9200FF9A94;
			productRefGroup = DCAE0D231C96AE9200FF9A94 /* Products */;
			projectDirPath = "";
			projectReferences = (
				{
					ProductGroup = DCFA3FB41C9932E90077F835 /* Products */;
					ProjectRef = DCFA3FB31C9932E90077F835 /* VideoPreviewer.xcodeproj */;
				},
			);
			projectRoot = "";
			targets = (
				DCAE0D211C96AE9200FF9A94 /* VermeerBox */,
			);
		};
/* End PBXProject section */

/* Begin PBXReferenceProxy section */
		DCFA3FB81C9932E90077F835 /* VideoPreviewer.framework */ = {
			isa = PBXReferenceProxy;
			fileType = wrapper.framework;
			path = VideoPreviewer.framework;
			remoteRef = DCFA3FB71C9932E90077F835 /* PBXContainerItemProxy */;
			sourceTree = BUILT_PRODUCTS_DIR;
		};
/* End PBXReferenceProxy section */

/* Begin PBXResourcesBuildPhase section */
		DCAE0D201C96AE9200FF9A94 /* Resources */ = {
			isa = PBXResourcesBuildPhase;
			buildActionMask = 2147483647;
			files = (
				DCAE0D351C96AE9200FF9A94 /* LaunchScreen.storyboard in Resources */,
				DCAE0D321C96AE9200FF9A94 /* Assets.xcassets in Resources */,
				DCAE0D301C96AE9200FF9A94 /* Main.storyboard in Resources */,
			);
			runOnlyForDeploymentPostprocessing = 0;
		};
/* End PBXResourcesBuildPhase section */

/* Begin PBXSourcesBuildPhase section */
		DCAE0D1E1C96AE9200FF9A94 /* Sources */ = {
			isa = PBXSourcesBuildPhase;
			buildActionMask = 2147483647;
			files = (
				DCAE0D2D1C96AE9200FF9A94 /* ViewController.m in Sources */,
				DCAE0D2A1C96AE9200FF9A94 /* AppDelegate.m in Sources */,
				DCAE0D271C96AE9200FF9A94 /* main.m in Sources */,
			);
			runOnlyForDeploymentPostprocessing = 0;
		};
/* End PBXSourcesBuildPhase section */

/* Begin PBXTargetDependency section */
		DCFA3FBC1C993A120077F835 /* PBXTargetDependency */ = {
			isa = PBXTargetDependency;
			name = VideoPreviewer;
			targetProxy = DCFA3FBB1C993A120077F835 /* PBXContainerItemProxy */;
		};
/* End PBXTargetDependency section */

/* Begin PBXVariantGroup section */
		DCAE0D2E1C96AE9200FF9A94 /* Main.storyboard */ = {
			isa = PBXVariantGroup;
			children = (
				DCAE0D2F1C96AE9200FF9A94 /* Base */,
			);
			name = Main.storyboard;
			sourceTree = "<group>";
		};
		DCAE0D331C96AE9200FF9A94 /* LaunchScreen.storyboard */ = {
			isa = PBXVariantGroup;
			children = (
				DCAE0D341C96AE9200FF9A94 /* Base */,
			);
			name = LaunchScreen.storyboard;
			sourceTree = "<group>";
		};
/* End PBXVariantGroup section */

/* Begin XCBuildConfiguration section */
		DCAE0D371C96AE9200FF9A94 /* Debug */ = {
			isa = XCBuildConfiguration;
			buildSettings = {
				ALWAYS_SEARCH_USER_PATHS = NO;
				CLANG_CXX_LANGUAGE_STANDARD = "gnu++0x";
				CLANG_CXX_LIBRARY = "libc++";
				CLANG_ENABLE_MODULES = YES;
				CLANG_ENABLE_OBJC_ARC = YES;
				CLANG_WARN_BOOL_CONVERSION = YES;
				CLANG_WARN_CONSTANT_CONVERSION = YES;
				CLANG_WARN_DIRECT_OBJC_ISA_USAGE = YES_ERROR;
				CLANG_WARN_EMPTY_BODY = YES;
				CLANG_WARN_ENUM_CONVERSION = YES;
				CLANG_WARN_INT_CONVERSION = YES;
				CLANG_WARN_OBJC_ROOT_CLASS = YES_ERROR;
				CLANG_WARN_UNREACHABLE_CODE = YES;
				CLANG_WARN__DUPLICATE_METHOD_MATCH = YES;
				"CODE_SIGN_IDENTITY[sdk=iphoneos*]" = "iPhone Developer";
				COPY_PHASE_STRIP = NO;
				DEBUG_INFORMATION_FORMAT = dwarf;
				ENABLE_STRICT_OBJC_MSGSEND = YES;
				ENABLE_TESTABILITY = YES;
				GCC_C_LANGUAGE_STANDARD = gnu99;
				GCC_DYNAMIC_NO_PIC = NO;
				GCC_NO_COMMON_BLOCKS = YES;
				GCC_OPTIMIZATION_LEVEL = 0;
				GCC_PREPROCESSOR_DEFINITIONS = (
					"DEBUG=1",
					"$(inherited)",
				);
				GCC_WARN_64_TO_32_BIT_CONVERSION = YES;
				GCC_WARN_ABOUT_RETURN_TYPE = YES_ERROR;
				GCC_WARN_UNDECLARED_SELECTOR = YES;
				GCC_WARN_UNINITIALIZED_AUTOS = YES_AGGRESSIVE;
				GCC_WARN_UNUSED_FUNCTION = YES;
				GCC_WARN_UNUSED_VARIABLE = YES;
				IPHONEOS_DEPLOYMENT_TARGET = 9.2;
				MTL_ENABLE_DEBUG_INFO = YES;
				ONLY_ACTIVE_ARCH = YES;
				SDKROOT = iphoneos;
				TARGETED_DEVICE_FAMILY = "1,2";
			};
			name = Debug;
		};
		DCAE0D381C96AE9200FF9A94 /* Release */ = {
			isa = XCBuildConfiguration;
			buildSettings = {
				ALWAYS_SEARCH_USER_PATHS = NO;
				CLANG_CXX_LANGUAGE_STANDARD = "gnu++0x";
				CLANG_CXX_LIBRARY = "libc++";
				CLANG_ENABLE_MODULES = YES;
				CLANG_ENABLE_OBJC_ARC = YES;
				CLANG_WARN_BOOL_CONVERSION = YES;
				CLANG_WARN_CONSTANT_CONVERSION = YES;
				CLANG_WARN_DIRECT_OBJC_ISA_USAGE = YES_ERROR;
				CLANG_WARN_EMPTY_BODY = YES;
				CLANG_WARN_ENUM_CONVERSION = YES;
				CLANG_WARN_INT_CONVERSION = YES;
				CLANG_WARN_OBJC_ROOT_CLASS = YES_ERROR;
				CLANG_WARN_UNREACHABLE_CODE = YES;
				CLANG_WARN__DUPLICATE_METHOD_MATCH = YES;
				"CODE_SIGN_IDENTITY[sdk=iphoneos*]" = "iPhone Developer";
				COPY_PHASE_STRIP = NO;
				DEBUG_INFORMATION_FORMAT = "dwarf-with-dsym";
				ENABLE_NS_ASSERTIONS = NO;
				ENABLE_STRICT_OBJC_MSGSEND = YES;
				GCC_C_LANGUAGE_STANDARD = gnu99;
				GCC_NO_COMMON_BLOCKS = YES;
				GCC_WARN_64_TO_32_BIT_CONVERSION = YES;
				GCC_WARN_ABOUT_RETURN_TYPE = YES_ERROR;
				GCC_WARN_UNDECLARED_SELECTOR = YES;
				GCC_WARN_UNINITIALIZED_AUTOS = YES_AGGRESSIVE;
				GCC_WARN_UNUSED_FUNCTION = YES;
				GCC_WARN_UNUSED_VARIABLE = YES;
				IPHONEOS_DEPLOYMENT_TARGET = 9.2;
				MTL_ENABLE_DEBUG_INFO = NO;
				SDKROOT = iphoneos;
				TARGETED_DEVICE_FAMILY = "1,2";
				VALIDATE_PRODUCT = YES;
			};
			name = Release;
		};
		DCAE0D3A1C96AE9200FF9A94 /* Debug */ = {
			isa = XCBuildConfiguration;
			buildSettings = {
				ASSETCATALOG_COMPILER_APPICON_NAME = AppIcon;
				CODE_SIGN_IDENTITY = "iPhone Developer";
				ENABLE_BITCODE = NO;
				FRAMEWORK_SEARCH_PATHS = (
					"$(inherited)",
					"$(PROJECT_DIR)",
					"$(PROJECT_DIR)/VideoPreviewer",
				);
				HEADER_SEARCH_PATHS = (
					"$(inherited)",
					"\"$(PROJECT_DIR)/VideoPreviewer/VideoPreviewer/ffmpeg/include\"",
					"\"$(PROJECT_DIR)/VideoPreviewer/VideoPreviewer/DJIH264Decoder/include\"",
					"\"$(PROJECT_DIR)/VideoPreviewer/VideoPreviewer/Lb2AUDHack/\"",
					"\"$(PROJECT_DIR)/VideoPreviewer/VideoPreviewer/\"",
					/Applications/Xcode.app/Contents/Developer/Toolchains/XcodeDefault.xctoolchain/usr/include,
				);
				INFOPLIST_FILE = VermeerBox/Info.plist;
				IPHONEOS_DEPLOYMENT_TARGET = 8.1;
				LD_RUNPATH_SEARCH_PATHS = "$(inherited) @executable_path/Frameworks";
				LIBRARY_SEARCH_PATHS = (
					"$(inherited)",
					"$(PROJECT_DIR)/VideoPreviewer/DJIH264Decoder/lib",
					"$(PROJECT_DIR)/VideoPreviewer/ffmpeg/lib",
				);
				OTHER_LDFLAGS = "-ObjC";
				PRODUCT_BUNDLE_IDENTIFIER = com.weburner.VermeerBox;
				PRODUCT_NAME = "$(TARGET_NAME)";
			};
			name = Debug;
		};
		DCAE0D3B1C96AE9200FF9A94 /* Release */ = {
			isa = XCBuildConfiguration;
			buildSettings = {
				ASSETCATALOG_COMPILER_APPICON_NAME = AppIcon;
				CODE_SIGN_IDENTITY = "iPhone Developer";
				ENABLE_BITCODE = NO;
				FRAMEWORK_SEARCH_PATHS = (
					"$(inherited)",
					"$(PROJECT_DIR)",
					"$(PROJECT_DIR)/VideoPreviewer",
				);
				HEADER_SEARCH_PATHS = (
					"$(inherited)",
					"\"$(PROJECT_DIR)/VideoPreviewer/VideoPreviewer/ffmpeg/include\"",
					"\"$(PROJECT_DIR)/VideoPreviewer/VideoPreviewer/DJIH264Decoder/include\"",
					"\"$(PROJECT_DIR)/VideoPreviewer/VideoPreviewer/Lb2AUDHack/\"",
					"\"$(PROJECT_DIR)/VideoPreviewer/VideoPreviewer/\"",
					/Applications/Xcode.app/Contents/Developer/Toolchains/XcodeDefault.xctoolchain/usr/include,
				);
				INFOPLIST_FILE = VermeerBox/Info.plist;
				IPHONEOS_DEPLOYMENT_TARGET = 8.1;
				LD_RUNPATH_SEARCH_PATHS = "$(inherited) @executable_path/Frameworks";
				LIBRARY_SEARCH_PATHS = (
					"$(inherited)",
					"$(PROJECT_DIR)/VideoPreviewer/DJIH264Decoder/lib",
					"$(PROJECT_DIR)/VideoPreviewer/ffmpeg/lib",
				);
				OTHER_LDFLAGS = "-ObjC";
				PRODUCT_BUNDLE_IDENTIFIER = com.weburner.VermeerBox;
				PRODUCT_NAME = "$(TARGET_NAME)";
			};
			name = Release;
		};
/* End XCBuildConfiguration section */

/* Begin XCConfigurationList section */
		DCAE0D1D1C96AE9200FF9A94 /* Build configuration list for PBXProject "VermeerBox" */ = {
			isa = XCConfigurationList;
			buildConfigurations = (
				DCAE0D371C96AE9200FF9A94 /* Debug */,
				DCAE0D381C96AE9200FF9A94 /* Release */,
			);
			defaultConfigurationIsVisible = 0;
			defaultConfigurationName = Release;
		};
		DCAE0D391C96AE9200FF9A94 /* Build configuration list for PBXNativeTarget "VermeerBox" */ = {
			isa = XCConfigurationList;
			buildConfigurations = (
				DCAE0D3A1C96AE9200FF9A94 /* Debug */,
				DCAE0D3B1C96AE9200FF9A94 /* Release */,
			);
			defaultConfigurationIsVisible = 0;
			defaultConfigurationName = Release;
		};
/* End XCConfigurationList section */
	};
	rootObject = DCAE0D1A1C96AE9200FF9A94 /* Project object */;
}
